
Microsoft Visual Studio Solution File, Format Version 12.00
Project("{FAE04EC0-301F-11D3-BF4B-00C04F79EFBC}") = "TaskApplication", "TaskApplication\TaskApplication.csproj", "{56E67128-C04E-428C-8CB7-CDF591180450}"
EndProject
Global
	GlobalSection(SolutionConfigurationPlatforms) = preSolution
		Debug|Any CPU = Debug|Any CPU
		Release|Any CPU = Release|Any CPU
	EndGlobalSection
	GlobalSection(ProjectConfigurationPlatforms) = postSolution
		{56E67128-C04E-428C-8CB7-CDF591180450}.Debug|Any CPU.ActiveCfg = Debug|Any CPU
		{56E67128-C04E-428C-8CB7-CDF591180450}.Debug|Any CPU.Build.0 = Debug|Any CPU
		{56E67128-C04E-428C-8CB7-CDF591180450}.Release|Any CPU.ActiveCfg = Release|Any CPU
		{56E67128-C04E-428C-8CB7-CDF591180450}.Release|Any CPU.Build.0 = Release|Any CPU
	EndGlobalSection
EndGlobal
